
Microsoft Visual Studio Solution File, Format Version 12.00
# Visual Studio Version 17
VisualStudioVersion = 17.8.34330.188
MinimumVisualStudioVersion = 10.0.40219.1
Project("{2150E333-8FDC-42A3-9474-1A3956D46DE8}") = "Services", "Services", "{03AD784C-55BC-4A40-AEF9-275A52A95B68}"
EndProject
Project("{2150E333-8FDC-42A3-9474-1A3956D46DE8}") = "WebSocketCommunication", "WebSocketCommunication", "{C75C2FAD-7EA0-43E5-9D43-DF26724507AE}"
EndProject
Project("{2150E333-8FDC-42A3-9474-1A3956D46DE8}") = "DataSaver", "DataSaver", "{CE0D6818-CFC9-405C-B1BA-23B345B209E1}"
EndProject
Project("{9A19103F-16F7-4668-BE54-9A1E7A4F7556}") = "Services.JsonDatabase", "Services\Services.JsonDatabase\Services.JsonDatabase.csproj", "{E064F2FC-C65D-4E5E-A4B1-1960324E0EDD}"
EndProject
Project("{2150E333-8FDC-42A3-9474-1A3956D46DE8}") = "Console", "Console", "{C9D68C14-565F-46E1-B990-05367D8ABDD3}"
EndProject
Project("{9A19103F-16F7-4668-BE54-9A1E7A4F7556}") = "Console.AngelBrokerServerTesting", "Console\Console.AngelBrokerServerTesting\Console.AngelBrokerServerTesting.csproj", "{EBF3812B-3CFF-4050-8EE3-53279AC5FD25}"
EndProject
Project("{2150E333-8FDC-42A3-9474-1A3956D46DE8}") = "Application", "Application", "{FFC8EAA2-8BCD-4D78-AEA4-44F171DF1952}"
EndProject
Project("{9A19103F-16F7-4668-BE54-9A1E7A4F7556}") = "Innovators.ShareMarket", "Application\Innovators.ShareMarket\Innovators.ShareMarket.csproj", "{C07B1959-EA55-4293-AD45-6F1E7EF1E721}"
EndProject
Project("{9A19103F-16F7-4668-BE54-9A1E7A4F7556}") = "Services.AngelBrokeringWebSocket", "Services\Services.AngelBrokeringWebSocket\Services.AngelBrokeringWebSocket.csproj", "{5080FC4B-91B2-4422-8FC3-6368601D9948}"
EndProject
Project("{9A19103F-16F7-4668-BE54-9A1E7A4F7556}") = "Services.ServerRequest", "Services\Services.ServerRequest\Services.ServerRequest.csproj", "{DB596D81-6FAF-49AD-8BDC-829834B72DAF}"
EndProject
Global
	GlobalSection(SolutionConfigurationPlatforms) = preSolution
		Debug|x64 = Debug|x64
		Release|x64 = Release|x64
	EndGlobalSection
	GlobalSection(ProjectConfigurationPlatforms) = postSolution
		{E064F2FC-C65D-4E5E-A4B1-1960324E0EDD}.Debug|x64.ActiveCfg = Debug|x64
		{E064F2FC-C65D-4E5E-A4B1-1960324E0EDD}.Debug|x64.Build.0 = Debug|x64
		{E064F2FC-C65D-4E5E-A4B1-1960324E0EDD}.Release|x64.ActiveCfg = Release|x64
		{E064F2FC-C65D-4E5E-A4B1-1960324E0EDD}.Release|x64.Build.0 = Release|x64
		{EBF3812B-3CFF-4050-8EE3-53279AC5FD25}.Debug|x64.ActiveCfg = Debug|x64
		{EBF3812B-3CFF-4050-8EE3-53279AC5FD25}.Debug|x64.Build.0 = Debug|x64
		{EBF3812B-3CFF-4050-8EE3-53279AC5FD25}.Release|x64.ActiveCfg = Release|x64
		{EBF3812B-3CFF-4050-8EE3-53279AC5FD25}.Release|x64.Build.0 = Release|x64
		{C07B1959-EA55-4293-AD45-6F1E7EF1E721}.Debug|x64.ActiveCfg = Debug|x64
		{C07B1959-EA55-4293-AD45-6F1E7EF1E721}.Debug|x64.Build.0 = Debug|x64
		{C07B1959-EA55-4293-AD45-6F1E7EF1E721}.Release|x64.ActiveCfg = Release|x64
		{C07B1959-EA55-4293-AD45-6F1E7EF1E721}.Release|x64.Build.0 = Release|x64
		{5080FC4B-91B2-4422-8FC3-6368601D9948}.Debug|x64.ActiveCfg = Debug|x64
		{5080FC4B-91B2-4422-8FC3-6368601D9948}.Debug|x64.Build.0 = Debug|x64
		{5080FC4B-91B2-4422-8FC3-6368601D9948}.Release|x64.ActiveCfg = Release|x64
		{5080FC4B-91B2-4422-8FC3-6368601D9948}.Release|x64.Build.0 = Release|x64
		{DB596D81-6FAF-49AD-8BDC-829834B72DAF}.Debug|x64.ActiveCfg = Debug|x64
		{DB596D81-6FAF-49AD-8BDC-829834B72DAF}.Debug|x64.Build.0 = Debug|x64
		{DB596D81-6FAF-49AD-8BDC-829834B72DAF}.Release|x64.ActiveCfg = Release|x64
		{DB596D81-6FAF-49AD-8BDC-829834B72DAF}.Release|x64.Build.0 = Release|x64
	EndGlobalSection
	GlobalSection(SolutionProperties) = preSolution
		HideSolutionNode = FALSE
	EndGlobalSection
	GlobalSection(NestedProjects) = preSolution
		{C75C2FAD-7EA0-43E5-9D43-DF26724507AE} = {03AD784C-55BC-4A40-AEF9-275A52A95B68}
		{CE0D6818-CFC9-405C-B1BA-23B345B209E1} = {03AD784C-55BC-4A40-AEF9-275A52A95B68}
		{E064F2FC-C65D-4E5E-A4B1-1960324E0EDD} = {CE0D6818-CFC9-405C-B1BA-23B345B209E1}
		{EBF3812B-3CFF-4050-8EE3-53279AC5FD25} = {C9D68C14-565F-46E1-B990-05367D8ABDD3}
		{C07B1959-EA55-4293-AD45-6F1E7EF1E721} = {FFC8EAA2-8BCD-4D78-AEA4-44F171DF1952}
		{5080FC4B-91B2-4422-8FC3-6368601D9948} = {C75C2FAD-7EA0-43E5-9D43-DF26724507AE}
		{DB596D81-6FAF-49AD-8BDC-829834B72DAF} = {03AD784C-55BC-4A40-AEF9-275A52A95B68}
	EndGlobalSection
	GlobalSection(ExtensibilityGlobals) = postSolution
		SolutionGuid = {1FC287A0-3516-47F5-BAA8-06D14948E870}
	EndGlobalSection
EndGlobal
